
Microsoft Visual Studio Solution File, Format Version 12.00
# Visual Studio 2013
VisualStudioVersion = 12.0.40629.0
MinimumVisualStudioVersion = 10.0.40219.1
Project("{FAE04EC0-301F-11D3-BF4B-00C04F79EFBC}") = "WebApplicationForKafedra", "WebApplicationForKafedra\WebApplicationForKafedra.csproj", "{8EC697EB-0F83-4F23-8AA8-5B1A17D93DD6}"
EndProject
Project("{FAE04EC0-301F-11D3-BF4B-00C04F79EFBC}") = "Infrastructure", "Infrastructure\Infrastructure.csproj", "{8BC7AF7E-72EF-4C3D-A878-9A3CC482EE4C}"
EndProject
Project("{FAE04EC0-301F-11D3-BF4B-00C04F79EFBC}") = "Domain.Models", "Domain.Models\Domain.Models.csproj", "{9C7A994A-5583-431F-A5A2-0EF4F542C326}"
EndProject
Project("{FAE04EC0-301F-11D3-BF4B-00C04F79EFBC}") = "Domain.Services", "ClassLibrary1\Domain.Services.csproj", "{83BA8E61-32A7-4594-B29B-9CA7D3F25361}"
EndProject
Global
	GlobalSection(SolutionConfigurationPlatforms) = preSolution
		Debug|Any CPU = Debug|Any CPU
		Release|Any CPU = Release|Any CPU
	EndGlobalSection
	GlobalSection(ProjectConfigurationPlatforms) = postSolution
		{8EC697EB-0F83-4F23-8AA8-5B1A17D93DD6}.Debug|Any CPU.ActiveCfg = Debug|Any CPU
		{8EC697EB-0F83-4F23-8AA8-5B1A17D93DD6}.Debug|Any CPU.Build.0 = Debug|Any CPU
		{8EC697EB-0F83-4F23-8AA8-5B1A17D93DD6}.Release|Any CPU.ActiveCfg = Release|Any CPU
		{8EC697EB-0F83-4F23-8AA8-5B1A17D93DD6}.Release|Any CPU.Build.0 = Release|Any CPU
		{8BC7AF7E-72EF-4C3D-A878-9A3CC482EE4C}.Debug|Any CPU.ActiveCfg = Debug|Any CPU
		{8BC7AF7E-72EF-4C3D-A878-9A3CC482EE4C}.Debug|Any CPU.Build.0 = Debug|Any CPU
		{8BC7AF7E-72EF-4C3D-A878-9A3CC482EE4C}.Release|Any CPU.ActiveCfg = Release|Any CPU
		{8BC7AF7E-72EF-4C3D-A878-9A3CC482EE4C}.Release|Any CPU.Build.0 = Release|Any CPU
		{9C7A994A-5583-431F-A5A2-0EF4F542C326}.Debug|Any CPU.ActiveCfg = Debug|Any CPU
		{9C7A994A-5583-431F-A5A2-0EF4F542C326}.Debug|Any CPU.Build.0 = Debug|Any CPU
		{9C7A994A-5583-431F-A5A2-0EF4F542C326}.Release|Any CPU.ActiveCfg = Release|Any CPU
		{9C7A994A-5583-431F-A5A2-0EF4F542C326}.Release|Any CPU.Build.0 = Release|Any CPU
		{83BA8E61-32A7-4594-B29B-9CA7D3F25361}.Debug|Any CPU.ActiveCfg = Debug|Any CPU
		{83BA8E61-32A7-4594-B29B-9CA7D3F25361}.Debug|Any CPU.Build.0 = Debug|Any CPU
		{83BA8E61-32A7-4594-B29B-9CA7D3F25361}.Release|Any CPU.ActiveCfg = Release|Any CPU
		{83BA8E61-32A7-4594-B29B-9CA7D3F25361}.Release|Any CPU.Build.0 = Release|Any CPU
	EndGlobalSection
	GlobalSection(SolutionProperties) = preSolution
		HideSolutionNode = FALSE
	EndGlobalSection
EndGlobal
